
Microsoft Visual Studio Solution File, Format Version 12.00
# Visual Studio 2013
VisualStudioVersion = 12.0.21005.1
MinimumVisualStudioVersion = 10.0.40219.1
Project("{FAE04EC0-301F-11D3-BF4B-00C04F79EFBC}") = "W3.Vendas.Dominio", "W3.Vendas.Dominio\W3.Vendas.Dominio.csproj", "{FF471BF1-5C74-424A-9770-C10E1600C88F}"
EndProject
Project("{FAE04EC0-301F-11D3-BF4B-00C04F79EFBC}") = "W3.Vendas.Web", "W3.Vendas.Web\W3.Vendas.Web.csproj", "{C04A3AC8-0454-4204-BB56-7345D45FFD4F}"
EndProject
Project("{FAE04EC0-301F-11D3-BF4B-00C04F79EFBC}") = "W3.Vendas.UnitTest", "W3.Vendas.UnitTest\W3.Vendas.UnitTest.csproj", "{D6AE365E-5D56-4FEA-945C-DAA638651BCB}"
EndProject
Global
	GlobalSection(SolutionConfigurationPlatforms) = preSolution
		Debug|Any CPU = Debug|Any CPU
		Release|Any CPU = Release|Any CPU
	EndGlobalSection
	GlobalSection(ProjectConfigurationPlatforms) = postSolution
		{FF471BF1-5C74-424A-9770-C10E1600C88F}.Debug|Any CPU.ActiveCfg = Debug|Any CPU
		{FF471BF1-5C74-424A-9770-C10E1600C88F}.Debug|Any CPU.Build.0 = Debug|Any CPU
		{FF471BF1-5C74-424A-9770-C10E1600C88F}.Release|Any CPU.ActiveCfg = Release|Any CPU
		{FF471BF1-5C74-424A-9770-C10E1600C88F}.Release|Any CPU.Build.0 = Release|Any CPU
		{C04A3AC8-0454-4204-BB56-7345D45FFD4F}.Debug|Any CPU.ActiveCfg = Debug|Any CPU
		{C04A3AC8-0454-4204-BB56-7345D45FFD4F}.Debug|Any CPU.Build.0 = Debug|Any CPU
		{C04A3AC8-0454-4204-BB56-7345D45FFD4F}.Release|Any CPU.ActiveCfg = Release|Any CPU
		{C04A3AC8-0454-4204-BB56-7345D45FFD4F}.Release|Any CPU.Build.0 = Release|Any CPU
		{D6AE365E-5D56-4FEA-945C-DAA638651BCB}.Debug|Any CPU.ActiveCfg = Debug|Any CPU
		{D6AE365E-5D56-4FEA-945C-DAA638651BCB}.Debug|Any CPU.Build.0 = Debug|Any CPU
		{D6AE365E-5D56-4FEA-945C-DAA638651BCB}.Release|Any CPU.ActiveCfg = Release|Any CPU
		{D6AE365E-5D56-4FEA-945C-DAA638651BCB}.Release|Any CPU.Build.0 = Release|Any CPU
	EndGlobalSection
	GlobalSection(SolutionProperties) = preSolution
		HideSolutionNode = FALSE
	EndGlobalSection
EndGlobal
